
Microsoft Visual Studio Solution File, Format Version 12.00
# Visual Studio Version 16
VisualStudioVersion = 16.0.30907.101
MinimumVisualStudioVersion = 10.0.40219.1
Project("{FAE04EC0-301F-11D3-BF4B-00C04F79EFBC}") = "Button_4eck", "Button_4eck\Button_4eck.csproj", "{36C56F0F-7D3A-45A6-ADAD-08D617A43D0C}"
EndProject
Global
	GlobalSection(SolutionConfigurationPlatforms) = preSolution
		Debug|Any CPU = Debug|Any CPU
		Release|Any CPU = Release|Any CPU
	EndGlobalSection
	GlobalSection(ProjectConfigurationPlatforms) = postSolution
		{36C56F0F-7D3A-45A6-ADAD-08D617A43D0C}.Debug|Any CPU.ActiveCfg = Debug|Any CPU
		{36C56F0F-7D3A-45A6-ADAD-08D617A43D0C}.Debug|Any CPU.Build.0 = Debug|Any CPU
		{36C56F0F-7D3A-45A6-ADAD-08D617A43D0C}.Release|Any CPU.ActiveCfg = Release|Any CPU
		{36C56F0F-7D3A-45A6-ADAD-08D617A43D0C}.Release|Any CPU.Build.0 = Release|Any CPU
	EndGlobalSection
	GlobalSection(SolutionProperties) = preSolution
		HideSolutionNode = FALSE
	EndGlobalSection
	GlobalSection(ExtensibilityGlobals) = postSolution
		SolutionGuid = {2DD2C2DD-7373-44EE-AA5B-C3CF38A8FE86}
	EndGlobalSection
EndGlobal
